{
  "format_version": "1.1",
  "terraform_version": "1.3.5",
  "planned_values": {
    "root_module": {
      "resources": [
        {
          "address": "aws_eks_cluster.vulnerable_example",
          "mode": "managed",
          "type": "aws_eks_cluster",
          "name": "vulnerable_example",
          "provider_name": "registry.terraform.io/hashicorp/aws",
          "schema_version": 0,
          "values": {
            "enabled_cluster_log_types": null,
            "encryption_config": [],
            "name": "dummy",
            "outpost_config": [],
            "role_arn": "arn:aws:iam::123456789012:user/johndoe",
            "tags": null,
            "timeouts": null,
            "vpc_config": [
              {
                "endpoint_private_access": false,
                "endpoint_public_access": true,
                "security_group_ids": null,
                "subnet_ids": [
                  "dummy"
                ]
              }
            ]
          },
          "sensitive_values": {
            "certificate_authority": [],
            "encryption_config": [],
            "identity": [],
            "kubernetes_network_config": [],
            "outpost_config": [],
            "tags_all": {},
            "vpc_config": [
              {
                "public_access_cidrs": [],
                "subnet_ids": [
                  false
                ]
              }
            ]
          }
        }
      ]
    }
  },
  "resource_changes": [
    {
      "address": "aws_eks_cluster.vulnerable_example",
      "mode": "managed",
      "type": "aws_eks_cluster",
      "name": "vulnerable_example",
      "provider_name": "registry.terraform.io/hashicorp/aws",
      "change": {
        "actions": [
          "create"
        ],
        "before": null,
        "after": {
          "enabled_cluster_log_types": null,
          "encryption_config": [],
          "name": "dummy",
          "outpost_config": [],
          "role_arn": "arn:aws:iam::123456789012:user/johndoe",
          "tags": null,
          "timeouts": null,
          "vpc_config": [
            {
              "endpoint_private_access": false,
              "endpoint_public_access": true,
              "security_group_ids": null,
              "subnet_ids": [
                "dummy"
              ]
            }
          ]
        },
        "after_unknown": {
          "arn": true,
          "certificate_authority": true,
          "cluster_id": true,
          "created_at": true,
          "encryption_config": [],
          "endpoint": true,
          "id": true,
          "identity": true,
          "kubernetes_network_config": true,
          "outpost_config": [],
          "platform_version": true,
          "status": true,
          "tags_all": true,
          "version": true,
          "vpc_config": [
            {
              "cluster_security_group_id": true,
              "public_access_cidrs": true,
              "subnet_ids": [
                false
              ],
              "vpc_id": true
            }
          ]
        },
        "before_sensitive": false,
        "after_sensitive": {
          "certificate_authority": [],
          "encryption_config": [],
          "identity": [],
          "kubernetes_network_config": [],
          "outpost_config": [],
          "tags_all": {},
          "vpc_config": [
            {
              "public_access_cidrs": [],
              "subnet_ids": [
                false
              ]
            }
          ]
        }
      }
    }
  ],
  "configuration": {
    "provider_config": {
      "aws": {
        "name": "aws",
        "full_name": "registry.terraform.io/hashicorp/aws"
      }
    },
    "root_module": {
      "resources": [
        {
          "address": "aws_eks_cluster.vulnerable_example",
          "mode": "managed",
          "type": "aws_eks_cluster",
          "name": "vulnerable_example",
          "provider_config_key": "aws",
          "expressions": {
            "name": {
              "constant_value": "dummy"
            },
            "role_arn": {
              "constant_value": "arn:aws:iam::123456789012:user/johndoe"
            },
            "vpc_config": [
              {
                "subnet_ids": {
                  "constant_value": [
                    "dummy"
                  ]
                }
              }
            ]
          },
          "schema_version": 0
        }
      ]
    }
  }
}
