{
  "format_version": "1.1",
  "terraform_version": "1.3.5",
  "planned_values": {
    "root_module": {
      "resources": [
        {
          "address": "aws_athena_workgroup.vulnerable_example",
          "mode": "managed",
          "type": "aws_athena_workgroup",
          "name": "vulnerable_example",
          "provider_name": "registry.terraform.io/hashicorp/aws",
          "schema_version": 0,
          "values": {
            "configuration": [],
            "description": null,
            "force_destroy": false,
            "name": "dummy",
            "state": "ENABLED",
            "tags": null
          },
          "sensitive_values": {
            "configuration": [],
            "tags_all": {}
          }
        }
      ]
    }
  },
  "resource_changes": [
    {
      "address": "aws_athena_workgroup.vulnerable_example",
      "mode": "managed",
      "type": "aws_athena_workgroup",
      "name": "vulnerable_example",
      "provider_name": "registry.terraform.io/hashicorp/aws",
      "change": {
        "actions": [
          "create"
        ],
        "before": null,
        "after": {
          "configuration": [],
          "description": null,
          "force_destroy": false,
          "name": "dummy",
          "state": "ENABLED",
          "tags": null
        },
        "after_unknown": {
          "arn": true,
          "configuration": [],
          "id": true,
          "tags_all": true
        },
        "before_sensitive": false,
        "after_sensitive": {
          "configuration": [],
          "tags_all": {}
        }
      }
    }
  ],
  "configuration": {
    "provider_config": {
      "aws": {
        "name": "aws",
        "full_name": "registry.terraform.io/hashicorp/aws"
      }
    },
    "root_module": {
      "resources": [
        {
          "address": "aws_athena_workgroup.vulnerable_example",
          "mode": "managed",
          "type": "aws_athena_workgroup",
          "name": "vulnerable_example",
          "provider_config_key": "aws",
          "expressions": {
            "name": {
              "constant_value": "dummy"
            }
          },
          "schema_version": 0
        }
      ]
    }
  }
}
