{
  "format_version": "1.1",
  "terraform_version": "1.3.5",
  "planned_values": {
    "root_module": {
      "resources": [
        {
          "address": "aws_batch_job_definition.secure_batch_job",
          "mode": "managed",
          "type": "aws_batch_job_definition",
          "name": "secure_batch_job",
          "provider_name": "registry.terraform.io/hashicorp/aws",
          "schema_version": 0,
          "values": {
            "container_properties": "{\"command\":[\"ls\",\"-la\"],\"environment\":[{\"name\":\"VARNAME\",\"value\":\"VARVAL\"}],\"image\":\"busybox\",\"memory\":1024,\"mountPoints\":[{\"containerPath\":\"/tmp\",\"readOnly\":false,\"sourceVolume\":\"tmp\"}],\"privileged\":true,\"ulimits\":[{\"hardLimit\":1024,\"name\":\"nofile\",\"softLimit\":1024}],\"vcpus\":1,\"volumes\":[{\"host\":{\"sourcePath\":\"/tmp\"},\"name\":\"tmp\"}]}",
            "name": "tf_test_batch_job_definition",
            "parameters": null,
            "platform_capabilities": null,
            "propagate_tags": false,
            "retry_strategy": [],
            "tags": null,
            "timeout": [],
            "type": "container"
          },
          "sensitive_values": {
            "retry_strategy": [],
            "tags_all": {},
            "timeout": []
          }
        }
      ]
    }
  },
  "resource_changes": [
    {
      "address": "aws_batch_job_definition.secure_batch_job",
      "mode": "managed",
      "type": "aws_batch_job_definition",
      "name": "secure_batch_job",
      "provider_name": "registry.terraform.io/hashicorp/aws",
      "change": {
        "actions": [
          "create"
        ],
        "before": null,
        "after": {
          "container_properties": "{\"command\":[\"ls\",\"-la\"],\"environment\":[{\"name\":\"VARNAME\",\"value\":\"VARVAL\"}],\"image\":\"busybox\",\"memory\":1024,\"mountPoints\":[{\"containerPath\":\"/tmp\",\"readOnly\":false,\"sourceVolume\":\"tmp\"}],\"privileged\":true,\"ulimits\":[{\"hardLimit\":1024,\"name\":\"nofile\",\"softLimit\":1024}],\"vcpus\":1,\"volumes\":[{\"host\":{\"sourcePath\":\"/tmp\"},\"name\":\"tmp\"}]}",
          "name": "tf_test_batch_job_definition",
          "parameters": null,
          "platform_capabilities": null,
          "propagate_tags": false,
          "retry_strategy": [],
          "tags": null,
          "timeout": [],
          "type": "container"
        },
        "after_unknown": {
          "arn": true,
          "id": true,
          "retry_strategy": [],
          "revision": true,
          "tags_all": true,
          "timeout": []
        },
        "before_sensitive": false,
        "after_sensitive": {
          "retry_strategy": [],
          "tags_all": {},
          "timeout": []
        }
      }
    }
  ],
  "configuration": {
    "provider_config": {
      "aws": {
        "name": "aws",
        "full_name": "registry.terraform.io/hashicorp/aws"
      }
    },
    "root_module": {
      "resources": [
        {
          "address": "aws_batch_job_definition.secure_batch_job",
          "mode": "managed",
          "type": "aws_batch_job_definition",
          "name": "secure_batch_job",
          "provider_config_key": "aws",
          "expressions": {
            "container_properties": {
              "constant_value": "{\n    \"command\": [\"ls\", \"-la\"],\n    \"image\": \"busybox\",\n    \"memory\": 1024,\n    \"privileged\": true,\n    \"vcpus\": 1,\n    \"volumes\": [\n      {\n        \"host\": {\n          \"sourcePath\": \"/tmp\"\n        },\n        \"name\": \"tmp\"\n      }\n    ],\n    \"environment\": [\n        {\"name\": \"VARNAME\", \"value\": \"VARVAL\"}\n    ],\n    \"mountPoints\": [\n        {\n          \"sourceVolume\": \"tmp\",\n          \"containerPath\": \"/tmp\",\n          \"readOnly\": false\n        }\n    ],\n    \"ulimits\": [\n      {\n        \"hardLimit\": 1024,\n        \"name\": \"nofile\",\n        \"softLimit\": 1024\n      }\n    ]\n}\n"
            },
            "name": {
              "constant_value": "tf_test_batch_job_definition"
            },
            "type": {
              "constant_value": "container"
            }
          },
          "schema_version": 0
        }
      ]
    }
  }
}
