{
  "format_version": "1.1",
  "terraform_version": "1.3.5",
  "planned_values": {
    "root_module": {
      "resources": [
        {
          "address": "aws_ecs_task_definition.secure_ecs_task",
          "mode": "managed",
          "type": "aws_ecs_task_definition",
          "name": "secure_ecs_task",
          "provider_name": "registry.terraform.io/hashicorp/aws",
          "schema_version": 1,
          "values": {
            "container_definitions": "[]",
            "cpu": null,
            "ephemeral_storage": [],
            "execution_role_arn": null,
            "family": "service",
            "inference_accelerator": [],
            "ipc_mode": null,
            "memory": null,
            "pid_mode": null,
            "placement_constraints": [],
            "proxy_configuration": [],
            "requires_compatibilities": null,
            "runtime_platform": [],
            "skip_destroy": false,
            "tags": null,
            "task_role_arn": null,
            "volume": [
              {
                "docker_volume_configuration": [],
                "efs_volume_configuration": [
                  {
                    "authorization_config": [
                      {
                        "access_point_id": "dummy",
                        "iam": "ENABLED"
                      }
                    ],
                    "file_system_id": "dummy",
                    "root_directory": "/opt/data",
                    "transit_encryption": "",
                    "transit_encryption_port": null
                  }
                ],
                "fsx_windows_file_server_volume_configuration": [],
                "host_path": "",
                "name": "service-storage"
              }
            ]
          },
          "sensitive_values": {
            "ephemeral_storage": [],
            "inference_accelerator": [],
            "placement_constraints": [],
            "proxy_configuration": [],
            "runtime_platform": [],
            "tags_all": {},
            "volume": [
              {
                "docker_volume_configuration": [],
                "efs_volume_configuration": [
                  {
                    "authorization_config": [
                      {}
                    ]
                  }
                ],
                "fsx_windows_file_server_volume_configuration": []
              }
            ]
          }
        }
      ]
    }
  },
  "resource_changes": [
    {
      "address": "aws_ecs_task_definition.secure_ecs_task",
      "mode": "managed",
      "type": "aws_ecs_task_definition",
      "name": "secure_ecs_task",
      "provider_name": "registry.terraform.io/hashicorp/aws",
      "change": {
        "actions": [
          "create"
        ],
        "before": null,
        "after": {
          "container_definitions": "[]",
          "cpu": null,
          "ephemeral_storage": [],
          "execution_role_arn": null,
          "family": "service",
          "inference_accelerator": [],
          "ipc_mode": null,
          "memory": null,
          "pid_mode": null,
          "placement_constraints": [],
          "proxy_configuration": [],
          "requires_compatibilities": null,
          "runtime_platform": [],
          "skip_destroy": false,
          "tags": null,
          "task_role_arn": null,
          "volume": [
            {
              "docker_volume_configuration": [],
              "efs_volume_configuration": [
                {
                  "authorization_config": [
                    {
                      "access_point_id": "dummy",
                      "iam": "ENABLED"
                    }
                  ],
                  "file_system_id": "dummy",
                  "root_directory": "/opt/data",
                  "transit_encryption": "",
                  "transit_encryption_port": null
                }
              ],
              "fsx_windows_file_server_volume_configuration": [],
              "host_path": "",
              "name": "service-storage"
            }
          ]
        },
        "after_unknown": {
          "arn": true,
          "ephemeral_storage": [],
          "id": true,
          "inference_accelerator": [],
          "network_mode": true,
          "placement_constraints": [],
          "proxy_configuration": [],
          "revision": true,
          "runtime_platform": [],
          "tags_all": true,
          "volume": [
            {
              "docker_volume_configuration": [],
              "efs_volume_configuration": [
                {
                  "authorization_config": [
                    {}
                  ]
                }
              ],
              "fsx_windows_file_server_volume_configuration": []
            }
          ]
        },
        "before_sensitive": false,
        "after_sensitive": {
          "ephemeral_storage": [],
          "inference_accelerator": [],
          "placement_constraints": [],
          "proxy_configuration": [],
          "runtime_platform": [],
          "tags_all": {},
          "volume": [
            {
              "docker_volume_configuration": [],
              "efs_volume_configuration": [
                {
                  "authorization_config": [
                    {}
                  ]
                }
              ],
              "fsx_windows_file_server_volume_configuration": []
            }
          ]
        }
      }
    }
  ],
  "configuration": {
    "provider_config": {
      "aws": {
        "name": "aws",
        "full_name": "registry.terraform.io/hashicorp/aws"
      }
    },
    "root_module": {
      "resources": [
        {
          "address": "aws_ecs_task_definition.secure_ecs_task",
          "mode": "managed",
          "type": "aws_ecs_task_definition",
          "name": "secure_ecs_task",
          "provider_config_key": "aws",
          "expressions": {
            "container_definitions": {},
            "family": {
              "constant_value": "service"
            },
            "volume": [
              {
                "efs_volume_configuration": [
                  {
                    "authorization_config": [
                      {
                        "access_point_id": {
                          "constant_value": "dummy"
                        },
                        "iam": {
                          "constant_value": "ENABLED"
                        }
                      }
                    ],
                    "file_system_id": {
                      "constant_value": "dummy"
                    },
                    "root_directory": {
                      "constant_value": "/opt/data"
                    }
                  }
                ],
                "name": {
                  "constant_value": "service-storage"
                }
              }
            ]
          },
          "schema_version": 1
        }
      ]
    }
  }
}
