{
  "format_version": "1.1",
  "terraform_version": "1.3.5",
  "planned_values": {
    "root_module": {
      "resources": [
        {
          "address": "aws_cloudwatch_log_group.vulnerable_example",
          "mode": "managed",
          "type": "aws_cloudwatch_log_group",
          "name": "vulnerable_example",
          "provider_name": "registry.terraform.io/hashicorp/aws",
          "schema_version": 0,
          "values": {
            "kms_key_id": null,
            "retention_in_days": 0,
            "skip_destroy": false,
            "tags": null
          },
          "sensitive_values": {
            "tags_all": {}
          }
        }
      ]
    }
  },
  "resource_changes": [
    {
      "address": "aws_cloudwatch_log_group.vulnerable_example",
      "mode": "managed",
      "type": "aws_cloudwatch_log_group",
      "name": "vulnerable_example",
      "provider_name": "registry.terraform.io/hashicorp/aws",
      "change": {
        "actions": [
          "create"
        ],
        "before": null,
        "after": {
          "kms_key_id": null,
          "retention_in_days": 0,
          "skip_destroy": false,
          "tags": null
        },
        "after_unknown": {
          "arn": true,
          "id": true,
          "name": true,
          "name_prefix": true,
          "tags_all": true
        },
        "before_sensitive": false,
        "after_sensitive": {
          "tags_all": {}
        }
      }
    }
  ],
  "configuration": {
    "provider_config": {
      "aws": {
        "name": "aws",
        "full_name": "registry.terraform.io/hashicorp/aws"
      }
    },
    "root_module": {
      "resources": [
        {
          "address": "aws_cloudwatch_log_group.vulnerable_example",
          "mode": "managed",
          "type": "aws_cloudwatch_log_group",
          "name": "vulnerable_example",
          "provider_config_key": "aws",
          "schema_version": 0
        }
      ]
    }
  }
}
