{
  "format_version": "1.1",
  "terraform_version": "1.3.5",
  "planned_values": {
    "root_module": {
      "resources": [
        {
          "address": "aws_efs_file_system.vulnerable_example",
          "mode": "managed",
          "type": "aws_efs_file_system",
          "name": "vulnerable_example",
          "provider_name": "registry.terraform.io/hashicorp/aws",
          "schema_version": 0,
          "values": {
            "lifecycle_policy": [],
            "provisioned_throughput_in_mibps": null,
            "tags": null,
            "throughput_mode": "bursting"
          },
          "sensitive_values": {
            "lifecycle_policy": [],
            "size_in_bytes": [],
            "tags_all": {}
          }
        }
      ]
    }
  },
  "resource_changes": [
    {
      "address": "aws_efs_file_system.vulnerable_example",
      "mode": "managed",
      "type": "aws_efs_file_system",
      "name": "vulnerable_example",
      "provider_name": "registry.terraform.io/hashicorp/aws",
      "change": {
        "actions": [
          "create"
        ],
        "before": null,
        "after": {
          "lifecycle_policy": [],
          "provisioned_throughput_in_mibps": null,
          "tags": null,
          "throughput_mode": "bursting"
        },
        "after_unknown": {
          "arn": true,
          "availability_zone_id": true,
          "availability_zone_name": true,
          "creation_token": true,
          "dns_name": true,
          "encrypted": true,
          "id": true,
          "kms_key_id": true,
          "lifecycle_policy": [],
          "number_of_mount_targets": true,
          "owner_id": true,
          "performance_mode": true,
          "size_in_bytes": true,
          "tags_all": true
        },
        "before_sensitive": false,
        "after_sensitive": {
          "lifecycle_policy": [],
          "size_in_bytes": [],
          "tags_all": {}
        }
      }
    }
  ],
  "configuration": {
    "provider_config": {
      "aws": {
        "name": "aws",
        "full_name": "registry.terraform.io/hashicorp/aws"
      }
    },
    "root_module": {
      "resources": [
        {
          "address": "aws_efs_file_system.vulnerable_example",
          "mode": "managed",
          "type": "aws_efs_file_system",
          "name": "vulnerable_example",
          "provider_config_key": "aws",
          "schema_version": 0
        }
      ]
    }
  }
}
