{
  "format_version": "1.1",
  "terraform_version": "1.3.5",
  "planned_values": {
    "root_module": {
      "resources": [
        {
          "address": "aws_cloudtrail.vulnerable_example",
          "mode": "managed",
          "type": "aws_cloudtrail",
          "name": "vulnerable_example",
          "provider_name": "registry.terraform.io/hashicorp/aws",
          "schema_version": 0,
          "values": {
            "advanced_event_selector": [],
            "cloud_watch_logs_group_arn": null,
            "cloud_watch_logs_role_arn": null,
            "enable_log_file_validation": false,
            "enable_logging": true,
            "event_selector": [],
            "include_global_service_events": true,
            "insight_selector": [],
            "is_multi_region_trail": false,
            "is_organization_trail": false,
            "kms_key_id": null,
            "name": "dummy",
            "s3_bucket_name": "dummy",
            "s3_key_prefix": null,
            "sns_topic_name": null,
            "tags": null
          },
          "sensitive_values": {
            "advanced_event_selector": [],
            "event_selector": [],
            "insight_selector": [],
            "tags_all": {}
          }
        }
      ]
    }
  },
  "resource_changes": [
    {
      "address": "aws_cloudtrail.vulnerable_example",
      "mode": "managed",
      "type": "aws_cloudtrail",
      "name": "vulnerable_example",
      "provider_name": "registry.terraform.io/hashicorp/aws",
      "change": {
        "actions": [
          "create"
        ],
        "before": null,
        "after": {
          "advanced_event_selector": [],
          "cloud_watch_logs_group_arn": null,
          "cloud_watch_logs_role_arn": null,
          "enable_log_file_validation": false,
          "enable_logging": true,
          "event_selector": [],
          "include_global_service_events": true,
          "insight_selector": [],
          "is_multi_region_trail": false,
          "is_organization_trail": false,
          "kms_key_id": null,
          "name": "dummy",
          "s3_bucket_name": "dummy",
          "s3_key_prefix": null,
          "sns_topic_name": null,
          "tags": null
        },
        "after_unknown": {
          "advanced_event_selector": [],
          "arn": true,
          "event_selector": [],
          "home_region": true,
          "id": true,
          "insight_selector": [],
          "tags_all": true
        },
        "before_sensitive": false,
        "after_sensitive": {
          "advanced_event_selector": [],
          "event_selector": [],
          "insight_selector": [],
          "tags_all": {}
        }
      }
    }
  ],
  "configuration": {
    "provider_config": {
      "aws": {
        "name": "aws",
        "full_name": "registry.terraform.io/hashicorp/aws"
      }
    },
    "root_module": {
      "resources": [
        {
          "address": "aws_cloudtrail.vulnerable_example",
          "mode": "managed",
          "type": "aws_cloudtrail",
          "name": "vulnerable_example",
          "provider_config_key": "aws",
          "expressions": {
            "name": {
              "constant_value": "dummy"
            },
            "s3_bucket_name": {
              "constant_value": "dummy"
            }
          },
          "schema_version": 0
        }
      ]
    }
  }
}
